
Microsoft Visual Studio Solution File, Format Version 12.00
# Visual Studio Version 16
VisualStudioVersion = 16.0.30523.141
MinimumVisualStudioVersion = 10.0.40219.1
Project("{FAE04EC0-301F-11D3-BF4B-00C04F79EFBC}") = "GrafyLab1", "GrafyLab1\GrafyLab1.csproj", "{A3C7959A-53CD-4323-B24C-B2F96801BF51}"
EndProject
Global
	GlobalSection(SolutionConfigurationPlatforms) = preSolution
		Debug|Any CPU = Debug|Any CPU
		Release|Any CPU = Release|Any CPU
	EndGlobalSection
	GlobalSection(ProjectConfigurationPlatforms) = postSolution
		{A3C7959A-53CD-4323-B24C-B2F96801BF51}.Debug|Any CPU.ActiveCfg = Debug|Any CPU
		{A3C7959A-53CD-4323-B24C-B2F96801BF51}.Debug|Any CPU.Build.0 = Debug|Any CPU
		{A3C7959A-53CD-4323-B24C-B2F96801BF51}.Release|Any CPU.ActiveCfg = Release|Any CPU
		{A3C7959A-53CD-4323-B24C-B2F96801BF51}.Release|Any CPU.Build.0 = Release|Any CPU
	EndGlobalSection
	GlobalSection(SolutionProperties) = preSolution
		HideSolutionNode = FALSE
	EndGlobalSection
	GlobalSection(ExtensibilityGlobals) = postSolution
		SolutionGuid = {8F601977-C3C9-405D-ADAE-B69AE2C23309}
	EndGlobalSection
EndGlobal
